
Microsoft Visual Studio Solution File, Format Version 12.00
# Visual Studio 15
VisualStudioVersion = 15.0.28307.136
MinimumVisualStudioVersion = 10.0.40219.1
Project("{8BC9CEB8-8B4A-11D0-8D11-00A0C91BC942}") = "Multi-Threaded-Encryption", "Multi-Threaded-Encryption\Multi-Threaded-Encryption.vcxproj", "{6581AE4F-582B-49BC-8AC7-17368B3A43F9}"
EndProject
Project("{FAE04EC0-301F-11D3-BF4B-00C04F79EFBC}") = "Debugger", "Debugger\Debugger.csproj", "{B5E2B81A-FC91-456F-A9B4-69C9852EC416}"
EndProject
Global
	GlobalSection(SolutionConfigurationPlatforms) = preSolution
		Debug|Any CPU = Debug|Any CPU
		Debug|x64 = Debug|x64
		Debug|x86 = Debug|x86
		Release|Any CPU = Release|Any CPU
		Release|x64 = Release|x64
		Release|x86 = Release|x86
	EndGlobalSection
	GlobalSection(ProjectConfigurationPlatforms) = postSolution
		{6581AE4F-582B-49BC-8AC7-17368B3A43F9}.Debug|Any CPU.ActiveCfg = Debug|Win32
		{6581AE4F-582B-49BC-8AC7-17368B3A43F9}.Debug|x64.ActiveCfg = Debug|Win32
		{6581AE4F-582B-49BC-8AC7-17368B3A43F9}.Debug|x64.Build.0 = Debug|x64
		{6581AE4F-582B-49BC-8AC7-17368B3A43F9}.Debug|x86.ActiveCfg = Debug|Win32
		{6581AE4F-582B-49BC-8AC7-17368B3A43F9}.Debug|x86.Build.0 = Debug|Win32
		{6581AE4F-582B-49BC-8AC7-17368B3A43F9}.Release|Any CPU.ActiveCfg = Release|Win32
		{6581AE4F-582B-49BC-8AC7-17368B3A43F9}.Release|x64.ActiveCfg = Release|x64
		{6581AE4F-582B-49BC-8AC7-17368B3A43F9}.Release|x64.Build.0 = Release|x64
		{6581AE4F-582B-49BC-8AC7-17368B3A43F9}.Release|x86.ActiveCfg = Release|Win32
		{6581AE4F-582B-49BC-8AC7-17368B3A43F9}.Release|x86.Build.0 = Release|Win32
		{B5E2B81A-FC91-456F-A9B4-69C9852EC416}.Debug|Any CPU.ActiveCfg = Debug|Any CPU
		{B5E2B81A-FC91-456F-A9B4-69C9852EC416}.Debug|Any CPU.Build.0 = Debug|Any CPU
		{B5E2B81A-FC91-456F-A9B4-69C9852EC416}.Debug|x64.ActiveCfg = Debug|Any CPU
		{B5E2B81A-FC91-456F-A9B4-69C9852EC416}.Debug|x64.Build.0 = Debug|Any CPU
		{B5E2B81A-FC91-456F-A9B4-69C9852EC416}.Debug|x86.ActiveCfg = Debug|Any CPU
		{B5E2B81A-FC91-456F-A9B4-69C9852EC416}.Debug|x86.Build.0 = Debug|Any CPU
		{B5E2B81A-FC91-456F-A9B4-69C9852EC416}.Release|Any CPU.ActiveCfg = Release|Any CPU
		{B5E2B81A-FC91-456F-A9B4-69C9852EC416}.Release|Any CPU.Build.0 = Release|Any CPU
		{B5E2B81A-FC91-456F-A9B4-69C9852EC416}.Release|x64.ActiveCfg = Release|Any CPU
		{B5E2B81A-FC91-456F-A9B4-69C9852EC416}.Release|x64.Build.0 = Release|Any CPU
		{B5E2B81A-FC91-456F-A9B4-69C9852EC416}.Release|x86.ActiveCfg = Release|Any CPU
		{B5E2B81A-FC91-456F-A9B4-69C9852EC416}.Release|x86.Build.0 = Release|Any CPU
	EndGlobalSection
	GlobalSection(SolutionProperties) = preSolution
		HideSolutionNode = FALSE
	EndGlobalSection
	GlobalSection(ExtensibilityGlobals) = postSolution
		SolutionGuid = {31C1E876-DBAA-4532-B558-31D30CAA6A77}
	EndGlobalSection
EndGlobal
